
Microsoft Visual Studio Solution File, Format Version 12.00
# Visual Studio 15
VisualStudioVersion = 15.0.27130.2003
MinimumVisualStudioVersion = 10.0.40219.1
Project("{FAE04EC0-301F-11D3-BF4B-00C04F79EFBC}") = "cs72console", "cs72console\cs72console.csproj", "{24CFB9B7-93D8-4F1F-856D-06C5C0158DA2}"
EndProject
Project("{FAE04EC0-301F-11D3-BF4B-00C04F79EFBC}") = "PrivateProtectedLibrary", "PrivateProtectedLibrary\PrivateProtectedLibrary.csproj", "{7D93A6D7-C4F2-47DB-B72A-2814DC245E56}"
EndProject
Global
	GlobalSection(SolutionConfigurationPlatforms) = preSolution
		Debug|Any CPU = Debug|Any CPU
		Release|Any CPU = Release|Any CPU
	EndGlobalSection
	GlobalSection(ProjectConfigurationPlatforms) = postSolution
		{24CFB9B7-93D8-4F1F-856D-06C5C0158DA2}.Debug|Any CPU.ActiveCfg = Debug|Any CPU
		{24CFB9B7-93D8-4F1F-856D-06C5C0158DA2}.Debug|Any CPU.Build.0 = Debug|Any CPU
		{24CFB9B7-93D8-4F1F-856D-06C5C0158DA2}.Release|Any CPU.ActiveCfg = Release|Any CPU
		{24CFB9B7-93D8-4F1F-856D-06C5C0158DA2}.Release|Any CPU.Build.0 = Release|Any CPU
		{7D93A6D7-C4F2-47DB-B72A-2814DC245E56}.Debug|Any CPU.ActiveCfg = Debug|Any CPU
		{7D93A6D7-C4F2-47DB-B72A-2814DC245E56}.Debug|Any CPU.Build.0 = Debug|Any CPU
		{7D93A6D7-C4F2-47DB-B72A-2814DC245E56}.Release|Any CPU.ActiveCfg = Release|Any CPU
		{7D93A6D7-C4F2-47DB-B72A-2814DC245E56}.Release|Any CPU.Build.0 = Release|Any CPU
	EndGlobalSection
	GlobalSection(SolutionProperties) = preSolution
		HideSolutionNode = FALSE
	EndGlobalSection
	GlobalSection(ExtensibilityGlobals) = postSolution
		SolutionGuid = {90659C33-464A-435F-ABC1-57FE1EDC333C}
	EndGlobalSection
EndGlobal
